Microsoft Visual Studio Solution File, Format Version 12.00
# Visual Studio Version 17
VisualStudioVersion = 17.5.2.0
MinimumVisualStudioVersion = 10.0.40219.1
Project("{FAE04EC0-301F-11D3-BF4B-00C04F79EFBC}") = "ElHelper", "ElHelper.csproj", "{1F579E2F-EA15-74E9-A38F-4C6087049E66}"
EndProject
Global
	GlobalSection(SolutionConfigurationPlatforms) = preSolution
		Debug|Any CPU = Debug|Any CPU
		Release|Any CPU = Release|Any CPU
	EndGlobalSection
	GlobalSection(ProjectConfigurationPlatforms) = postSolution
		{1F579E2F-EA15-74E9-A38F-4C6087049E66}.Debug|Any CPU.ActiveCfg = Debug|Any CPU
		{1F579E2F-EA15-74E9-A38F-4C6087049E66}.Debug|Any CPU.Build.0 = Debug|Any CPU
		{1F579E2F-EA15-74E9-A38F-4C6087049E66}.Release|Any CPU.ActiveCfg = Release|Any CPU
		{1F579E2F-EA15-74E9-A38F-4C6087049E66}.Release|Any CPU.Build.0 = Release|Any CPU
	EndGlobalSection
	GlobalSection(SolutionProperties) = preSolution
		HideSolutionNode = FALSE
	EndGlobalSection
	GlobalSection(ExtensibilityGlobals) = postSolution
		SolutionGuid = {EBC083C1-E7E6-4CD2-9422-120EC6564AA5}
	EndGlobalSection
EndGlobal
